{
  "requires": true,
  "lockfileVersion": 1,
  "dependencies": {
    "json2yaml": {
      "version": "1.1.0",
      "resolved": "https://registry.npmjs.org/json2yaml/-/json2yaml-1.1.0.tgz",
      "integrity": "sha1-VBTZB/mBZYa4DFE+wuOusquBmmw=",
      "requires": {
        "remedial": "1.x"
      }
    },
    "lodash": {
      "version": "4.17.15",
      "resolved": "https://registry.npmjs.org/lodash/-/lodash-4.17.15.tgz",
      "integrity": "sha512-8xOcRHvCjnocdS5cpwXQXVzmmh5e5+saE2QGoeQmbKmRS6J3VQppPOIt0MnmE+4xlZoumy0GPG0D0MVIQbNA1A=="
    },
    "node": {
      "version": "12.12.0",
      "resolved": "https://registry.npmjs.org/node/-/node-12.12.0.tgz",
      "integrity": "sha512-O6BktMOYe3MwF7n83L4Nc6/tvlOCYsDntQQegqWUPcH779oQu1krcWPMREUPm8FKSWK7c9LK4Yldk8h3FnSqaw==",
      "requires": {
        "node-bin-setup": "^1.0.0"
      }
    },
    "node-bin-setup": {
      "version": "1.0.6",
      "resolved": "https://registry.npmjs.org/node-bin-setup/-/node-bin-setup-1.0.6.tgz",
      "integrity": "sha512-uPIxXNis1CRbv1DwqAxkgBk5NFV3s7cMN/Gf556jSw6jBvV7ca4F9lRL/8cALcZecRibeqU+5dFYqFFmzv5a0Q=="
    },
    "remedial": {
      "version": "1.0.8",
      "resolved": "https://registry.npmjs.org/remedial/-/remedial-1.0.8.tgz",
      "integrity": "sha512-/62tYiOe6DzS5BqVsNpH/nkGlX45C/Sp6V+NtiN6JQNS1Viay7cWkazmRkrQrdFj2eshDe96SIQNIoMxqhzBOg=="
    },
    "swapi": {
      "version": "0.0.4",
      "resolved": "https://registry.npmjs.org/swapi/-/swapi-0.0.4.tgz",
      "integrity": "sha512-TmyzO8Y8bjIhSk03BBUGyygd0M1YePqm1rCV2dd3lL5myNsleY6V0uQx8a+JRGHdim73llAe6cT4346e8et4lw==",
      "requires": {
        "json2yaml": "^1.1.0",
        "lodash": "^4.17.10"
      }
    }
  }
}
